
Microsoft Visual Studio Solution File, Format Version 12.00
# Visual Studio Version 17
VisualStudioVersion = 17.9.34728.123
MinimumVisualStudioVersion = 10.0.40219.1
Project("{9A19103F-16F7-4668-BE54-9A1E7A4F7556}") = "Library.WebUI", "Library.WebUI\Library.WebUI.csproj", "{2F78D33C-78D3-468F-8E50-E50069B4CE3E}"
EndProject
Project("{9A19103F-16F7-4668-BE54-9A1E7A4F7556}") = "Library.Domain", "Library.Domain\Library.Domain.csproj", "{BF41CAC8-387F-44D2-B64B-D4FCC0EE2D04}"
EndProject
Project("{9A19103F-16F7-4668-BE54-9A1E7A4F7556}") = "Library.Persistance", "Library.Persistance\Library.Persistance.csproj", "{0C10FDBA-873D-4503-9A44-CEE424BE765F}"
EndProject
Project("{9A19103F-16F7-4668-BE54-9A1E7A4F7556}") = "Library.ServicesInterfaces", "Library.ServicesInterfaces\Library.ServicesInterfaces.csproj", "{BD28F7B6-C42B-4D34-866F-2111031E6A0C}"
EndProject
Project("{9A19103F-16F7-4668-BE54-9A1E7A4F7556}") = "Library.Services", "Library.Services\Library.Services.csproj", "{6E976754-2525-4077-A543-1FE31561C085}"
EndProject
Global
	GlobalSection(SolutionConfigurationPlatforms) = preSolution
		Debug|Any CPU = Debug|Any CPU
		Release|Any CPU = Release|Any CPU
	EndGlobalSection
	GlobalSection(ProjectConfigurationPlatforms) = postSolution
		{2F78D33C-78D3-468F-8E50-E50069B4CE3E}.Debug|Any CPU.ActiveCfg = Debug|Any CPU
		{2F78D33C-78D3-468F-8E50-E50069B4CE3E}.Debug|Any CPU.Build.0 = Debug|Any CPU
		{2F78D33C-78D3-468F-8E50-E50069B4CE3E}.Release|Any CPU.ActiveCfg = Release|Any CPU
		{2F78D33C-78D3-468F-8E50-E50069B4CE3E}.Release|Any CPU.Build.0 = Release|Any CPU
		{BF41CAC8-387F-44D2-B64B-D4FCC0EE2D04}.Debug|Any CPU.ActiveCfg = Debug|Any CPU
		{BF41CAC8-387F-44D2-B64B-D4FCC0EE2D04}.Debug|Any CPU.Build.0 = Debug|Any CPU
		{BF41CAC8-387F-44D2-B64B-D4FCC0EE2D04}.Release|Any CPU.ActiveCfg = Release|Any CPU
		{BF41CAC8-387F-44D2-B64B-D4FCC0EE2D04}.Release|Any CPU.Build.0 = Release|Any CPU
		{0C10FDBA-873D-4503-9A44-CEE424BE765F}.Debug|Any CPU.ActiveCfg = Debug|Any CPU
		{0C10FDBA-873D-4503-9A44-CEE424BE765F}.Debug|Any CPU.Build.0 = Debug|Any CPU
		{0C10FDBA-873D-4503-9A44-CEE424BE765F}.Release|Any CPU.ActiveCfg = Release|Any CPU
		{0C10FDBA-873D-4503-9A44-CEE424BE765F}.Release|Any CPU.Build.0 = Release|Any CPU
		{BD28F7B6-C42B-4D34-866F-2111031E6A0C}.Debug|Any CPU.ActiveCfg = Debug|Any CPU
		{BD28F7B6-C42B-4D34-866F-2111031E6A0C}.Debug|Any CPU.Build.0 = Debug|Any CPU
		{BD28F7B6-C42B-4D34-866F-2111031E6A0C}.Release|Any CPU.ActiveCfg = Release|Any CPU
		{BD28F7B6-C42B-4D34-866F-2111031E6A0C}.Release|Any CPU.Build.0 = Release|Any CPU
		{6E976754-2525-4077-A543-1FE31561C085}.Debug|Any CPU.ActiveCfg = Debug|Any CPU
		{6E976754-2525-4077-A543-1FE31561C085}.Debug|Any CPU.Build.0 = Debug|Any CPU
		{6E976754-2525-4077-A543-1FE31561C085}.Release|Any CPU.ActiveCfg = Release|Any CPU
		{6E976754-2525-4077-A543-1FE31561C085}.Release|Any CPU.Build.0 = Release|Any CPU
	EndGlobalSection
	GlobalSection(SolutionProperties) = preSolution
		HideSolutionNode = FALSE
	EndGlobalSection
	GlobalSection(ExtensibilityGlobals) = postSolution
		SolutionGuid = {2A4373E0-A477-4BAD-87AD-AE10975BB9AA}
	EndGlobalSection
EndGlobal
